{
  "name": "sdr-demo",
  "lockfileVersion": 2,
  "requires": true,
  "packages": {
    "": {
      "dependencies": {
        "@hegel-ai/hegeljs": "^1.0.0"
      }
    },
    "node_modules/@hegel-ai/hegeljs": {
      "version": "1.0.0",
      "resolved": "https://registry.npmjs.org/@hegel-ai/hegeljs/-/hegeljs-1.0.0.tgz",
      "integrity": "sha512-JcFi20McebRippyAvTUPUqCBMu0J+HCBU0GkVbAPhE/j/Qt/Yn8P6rNJl10zLmE1uo3WX4SFyzd/7vnUZvZMYA=="
    }
  },
  "dependencies": {
    "@hegel-ai/hegeljs": {
      "version": "1.0.0",
      "resolved": "https://registry.npmjs.org/@hegel-ai/hegeljs/-/hegeljs-1.0.0.tgz",
      "integrity": "sha512-JcFi20McebRippyAvTUPUqCBMu0J+HCBU0GkVbAPhE/j/Qt/Yn8P6rNJl10zLmE1uo3WX4SFyzd/7vnUZvZMYA=="
    }
  }
}
